Microsoft Visual Studio Solution File, Format Version 11.00
# Visual Studio 2008

Project("{779FCBCB-CBC6-8F55-74D6-65D12DED6067}") = "social-control-room", "Assembly-CSharp-firstpass.csproj", "{3357CF9A-C70F-0DCF-680B-DEF27ABEDCD0}"
EndProject
Project("{779FCBCB-CBC6-8F55-74D6-65D12DED6067}") = "social-control-room", "Assembly-CSharp.csproj", "{3CD4F65E-4353-6E16-AE5B-4DDC05BDE30C}"
EndProject
Project("{779FCBCB-CBC6-8F55-74D6-65D12DED6067}") = "social-control-room", "Assembly-CSharp-Editor.csproj", "{C3EED278-A63F-AE4B-C1A0-592ADAE3BEDC}"
EndProject
Project("{779FCBCB-CBC6-8F55-74D6-65D12DED6067}") = "social-control-room", "Assembly-UnityScript.unityproj", "{03DBEF1F-6F71-4DB1-EB35-03FD6AB6176A}"
EndProject
Project("{779FCBCB-CBC6-8F55-74D6-65D12DED6067}") = "social-control-room", "Assembly-UnityScript-Editor.unityproj", "{F96DE636-991A-FC7C-E401-C798041FB4BE}"
EndProject
Global
	GlobalSection(SolutionConfigurationPlatforms) = preSolution
		Debug|Any CPU = Debug|Any CPU
		Release|Any CPU = Release|Any CPU
	EndGlobalSection
	GlobalSection(ProjectConfigurationPlatforms) = postSolution
		{3357CF9A-C70F-0DCF-680B-DEF27ABEDCD0}.Debug|Any CPU.ActiveCfg = Debug|Any CPU
		{3357CF9A-C70F-0DCF-680B-DEF27ABEDCD0}.Debug|Any CPU.Build.0 = Debug|Any CPU
		{3357CF9A-C70F-0DCF-680B-DEF27ABEDCD0}.Release|Any CPU.ActiveCfg = Release|Any CPU
		{3357CF9A-C70F-0DCF-680B-DEF27ABEDCD0}.Release|Any CPU.Build.0 = Release|Any CPU
		{3CD4F65E-4353-6E16-AE5B-4DDC05BDE30C}.Debug|Any CPU.ActiveCfg = Debug|Any CPU
		{3CD4F65E-4353-6E16-AE5B-4DDC05BDE30C}.Debug|Any CPU.Build.0 = Debug|Any CPU
		{3CD4F65E-4353-6E16-AE5B-4DDC05BDE30C}.Release|Any CPU.ActiveCfg = Release|Any CPU
		{3CD4F65E-4353-6E16-AE5B-4DDC05BDE30C}.Release|Any CPU.Build.0 = Release|Any CPU
		{C3EED278-A63F-AE4B-C1A0-592ADAE3BEDC}.Debug|Any CPU.ActiveCfg = Debug|Any CPU
		{C3EED278-A63F-AE4B-C1A0-592ADAE3BEDC}.Debug|Any CPU.Build.0 = Debug|Any CPU
		{C3EED278-A63F-AE4B-C1A0-592ADAE3BEDC}.Release|Any CPU.ActiveCfg = Release|Any CPU
		{C3EED278-A63F-AE4B-C1A0-592ADAE3BEDC}.Release|Any CPU.Build.0 = Release|Any CPU
		{03DBEF1F-6F71-4DB1-EB35-03FD6AB6176A}.Debug|Any CPU.ActiveCfg = Debug|Any CPU
		{03DBEF1F-6F71-4DB1-EB35-03FD6AB6176A}.Debug|Any CPU.Build.0 = Debug|Any CPU
		{03DBEF1F-6F71-4DB1-EB35-03FD6AB6176A}.Release|Any CPU.ActiveCfg = Release|Any CPU
		{03DBEF1F-6F71-4DB1-EB35-03FD6AB6176A}.Release|Any CPU.Build.0 = Release|Any CPU
		{F96DE636-991A-FC7C-E401-C798041FB4BE}.Debug|Any CPU.ActiveCfg = Debug|Any CPU
		{F96DE636-991A-FC7C-E401-C798041FB4BE}.Debug|Any CPU.Build.0 = Debug|Any CPU
		{F96DE636-991A-FC7C-E401-C798041FB4BE}.Release|Any CPU.ActiveCfg = Release|Any CPU
		{F96DE636-991A-FC7C-E401-C798041FB4BE}.Release|Any CPU.Build.0 = Release|Any CPU
	EndGlobalSection
	GlobalSection(SolutionProperties) = preSolution
		HideSolutionNode = FALSE
	EndGlobalSection
											GlobalSection(MonoDevelopProperties) = preSolution
	GlobalSection(SolutionProperties) = preSolution
		HideSolutionNode = FALSE
	EndGlobalSection
																								GlobalSection(MonoDevelopProperties) = preSolution
		StartupItem = Assembly-CSharp.csproj
		Policies = $0
		$0.TextStylePolicy = $1
		$1.FileWidth = 120
		$1.TabWidth = 4
		$1.EolMarker = Unix
		$1.inheritsSet = Mono
		$1.inheritsScope = text/plain
		$1.scope = text/x-csharp
		$0.CSharpFormattingPolicy = $2
		$2.MethodBraceStyle = EndOfLine
		$2.BeforeMethodDeclarationParentheses = False
		$2.BeforeMethodCallParentheses = False
		$2.BeforeConstructorDeclarationParentheses = False
		$2.BeforeDelegateDeclarationParentheses = False
		$2.NewParentheses = False
		$2.IfParentheses = False
		$2.WhileParentheses = False
		$2.ForParentheses = False
		$2.ForeachParentheses = False
		$2.CatchParentheses = False
		$2.SwitchParentheses = False
		$2.LockParentheses = False
		$2.UsingParentheses = False
		$2.SpacesBeforeBrackets = False
		$2.inheritsSet = Mono
		$2.inheritsScope = text/x-csharp
		$2.scope = text/x-csharp
		$0.TextStylePolicy = $3
		$3.FileWidth = 120
		$3.TabWidth = 4
		$3.EolMarker = Unix
		$3.inheritsSet = Mono
		$3.inheritsScope = text/plain
		$3.scope = text/plain
		$0.DotNetNamingPolicy = $4
		$4.DirectoryNamespaceAssociation = None
		$4.ResourceNamePolicy = FileFormatDefault
		$0.TextStylePolicy = $5
		$5.inheritsSet = null
		$5.scope = text/x-shader
		$0.TextStylePolicy = $6
		$6.inheritsSet = null
		$6.scope = text/x-unitytxt
	EndGlobalSection

EndGlobal
